# THIS IS AN AUTOGENERATED FILE. DO NOT EDIT THIS FILE DIRECTLY.
# yarn lockfile v1


"@babel/parser@^7.20.15":
  "integrity" "sha512-lNbdGsQb9ekfsnjFGhEiF4hfFqGgfOP3H3d27re3n+CGhNuTSUEQdfWk556sTLNTloczcdM5TYF2LhzmDQKyvQ=="
  "resolved" "https://registry.npmjs.org/@babel/parser/-/parser-7.22.10.tgz"
  "version" "7.22.10"

"@jridgewell/gen-mapping@^0.3.0":
  "integrity" "sha512-HLhSWOLRi875zjjMG/r+Nv0oCW8umGb0BgEhyX3dDX3egwZtB8PqLnjz3yedt8R5StBrzcg4aBpnh8UA9D1BoQ=="
  "resolved" "https://registry.npmjs.org/@jridgewell/gen-mapping/-/gen-mapping-0.3.3.tgz"
  "version" "0.3.3"
  dependencies:
    "@jridgewell/set-array" "^1.0.1"
    "@jridgewell/sourcemap-codec" "^1.4.10"
    "@jridgewell/trace-mapping" "^0.3.9"

"@jridgewell/resolve-uri@^3.1.0":
  "integrity" "sha512-dSYZh7HhCDtCKm4QakX0xFpsRDqjjtZf/kjI/v3T3Nwt5r8/qz/M19F9ySyOqU94SXBmeG9ttTul+YnR4LOxFA=="
  "resolved" "https://registry.npmjs.org/@jridgewell/resolve-uri/-/resolve-uri-3.1.1.tgz"
  "version" "3.1.1"

"@jridgewell/set-array@^1.0.1":
  "integrity" "sha512-xnkseuNADM0gt2bs+BvhO0p78Mk762YnZdsuzFV018NoG1Sj1SCQvpSqa7XUaTam5vAGasABV9qXASMKnFMwMw=="
  "resolved" "https://registry.npmjs.org/@jridgewell/set-array/-/set-array-1.1.2.tgz"
  "version" "1.1.2"

"@jridgewell/source-map@^0.3.3":
  "integrity" "sha512-UTYAUj/wviwdsMfzoSJspJxbkH5o1snzwX0//0ENX1u/55kkZZkcTZP6u9bwKGkv+dkk9at4m1Cpt0uY80kcpQ=="
  "resolved" "https://registry.npmjs.org/@jridgewell/source-map/-/source-map-0.3.5.tgz"
  "version" "0.3.5"
  dependencies:
    "@jridgewell/gen-mapping" "^0.3.0"
    "@jridgewell/trace-mapping" "^0.3.9"

"@jridgewell/sourcemap-codec@^1.4.10", "@jridgewell/sourcemap-codec@^1.4.14":
  "integrity" "sha512-eF2rxCRulEKXHTRiDrDy6erMYWqNw4LPdQ8UQA4huuxaQsVeRPFl2oM8oDGxMFhJUWZf9McpLtJasDDZb/Bpeg=="
  "resolved" "https://registry.npmjs.org/@jridgewell/sourcemap-codec/-/sourcemap-codec-1.4.15.tgz"
  "version" "1.4.15"

"@jridgewell/trace-mapping@^0.3.9":
  "integrity" "sha512-kf37QtfW+Hwx/buWGMPcR60iF9ziHa6r/CZJIHbmcm4+0qrXiVdxegAH0F6yddEVQ7zdkjcGCgCzUu+BcbhQxw=="
  "resolved" "https://registry.npmjs.org/@jridgewell/trace-mapping/-/trace-mapping-0.3.19.tgz"
  "version" "0.3.19"
  dependencies:
    "@jridgewell/resolve-uri" "^3.1.0"
    "@jridgewell/sourcemap-codec" "^1.4.14"

"@jsdoc/salty@^0.2.1", "@jsdoc/salty@^0.2.4":
  "integrity" "sha512-TfRP53RqunNe2HBobVBJ0VLhK1HbfvBYeTC1ahnN64PWvyYyGebmMiPkuwvD9fpw2ZbkoPb8Q7mwy0aR8Z9rvw=="
  "resolved" "https://registry.npmjs.org/@jsdoc/salty/-/salty-0.2.5.tgz"
  "version" "0.2.5"
  dependencies:
    "lodash" "^4.17.21"

"@napi-rs/canvas-win32-x64-msvc@0.1.35":
  "integrity" "sha512-XeT2emnlz/xgMh+i/lhuG7tHHQSnMM8wMyZEfq8lXQ6LrFWEEuTvhrJ7UWJKJ7KgSFIucJY8VC0Ea3M94kp0Cg=="
  "resolved" "https://registry.npmjs.org/@napi-rs/canvas-win32-x64-msvc/-/canvas-win32-x64-msvc-0.1.35.tgz"
  "version" "0.1.35"

"@napi-rs/canvas@0.1.35":
  "integrity" "sha512-D/NiDAPPfqrzDLRHJCQv0AZF6LBJx89FIg0ZUhoerkfi3ZIR0IjdCuul2MynHO+2bRvIH8jYA9maFksZyg4rVQ=="
  "resolved" "https://registry.npmjs.org/@napi-rs/canvas/-/canvas-0.1.35.tgz"
  "version" "0.1.35"
  optionalDependencies:
    "@napi-rs/canvas-android-arm64" "0.1.35"
    "@napi-rs/canvas-darwin-arm64" "0.1.35"
    "@napi-rs/canvas-darwin-x64" "0.1.35"
    "@napi-rs/canvas-linux-arm-gnueabihf" "0.1.35"
    "@napi-rs/canvas-linux-arm64-gnu" "0.1.35"
    "@napi-rs/canvas-linux-arm64-musl" "0.1.35"
    "@napi-rs/canvas-linux-x64-gnu" "0.1.35"
    "@napi-rs/canvas-linux-x64-musl" "0.1.35"
    "@napi-rs/canvas-win32-x64-msvc" "0.1.35"

"@types/linkify-it@*", "@types/linkify-it@^3.0.2":
  "integrity" "sha512-HZQYqbiFVWufzCwexrvh694SOim8z2d+xJl5UNamcvQFejLY/2YUtzXHYi3cHdI7PMlS8ejH2slRAOJQ32aNbA=="
  "resolved" "https://registry.npmjs.org/@types/linkify-it/-/linkify-it-3.0.2.tgz"
  "version" "3.0.2"

"@types/markdown-it@*", "@types/markdown-it@^12.2.3":
  "integrity" "sha512-GKMHFfv3458yYy+v/N8gjufHO6MSZKCOXpZc5GXIWWy8uldwfmPn98vp81gZ5f9SVw8YYBctgfJ22a2d7AOMeQ=="
  "resolved" "https://registry.npmjs.org/@types/markdown-it/-/markdown-it-12.2.3.tgz"
  "version" "12.2.3"
  dependencies:
    "@types/linkify-it" "*"
    "@types/mdurl" "*"

"@types/mdurl@*":
  "integrity" "sha512-eC4U9MlIcu2q0KQmXszyn5Akca/0jrQmwDRgpAMJai7qBWq4amIQhZyNau4VYGtCeALvW1/NtjzJJ567aZxfKA=="
  "resolved" "https://registry.npmjs.org/@types/mdurl/-/mdurl-1.0.2.tgz"
  "version" "1.0.2"

"@types/node@^18.11.18":
  "integrity" "sha512-Av/7MqX/iNKwT9Tr60V85NqMnsmh8ilfJoBlIVibkXfitk9Q22D9Y5mSpm+FvG5DET7EbVfB40bOiLzKgYFgPw=="
  "resolved" "https://registry.npmjs.org/@types/node/-/node-18.17.8.tgz"
  "version" "18.17.8"

"acorn@^8.8.2":
  "integrity" "sha512-F0SAmZ8iUtS//m8DmCTA0jlh6TDKkHQyK6xc6V4KDTyZKA9dnvX9/3sRTVQrWm79glUAZbnmmNcdYwUIHWVybw=="
  "resolved" "https://registry.npmjs.org/acorn/-/acorn-8.10.0.tgz"
  "version" "8.10.0"

"argparse@^2.0.1":
  "integrity" "sha512-8+9WqebbFzpX9OR+Wa6O29asIogeRMzcGtAINdpMHHyAg10f05aSFVBbcEqGf/PXw1EjAZ+q2/bEBg3DvurK3Q=="
  "resolved" "https://registry.npmjs.org/argparse/-/argparse-2.0.1.tgz"
  "version" "2.0.1"

"bluebird@^3.7.2":
  "integrity" "sha512-XpNj6GDQzdfW+r2Wnn7xiSAd7TM3jzkxGXBGTtWKuSXv1xUV+azxAm8jdWZN06QTQk+2N2XB9jRDkvbmQmcRtg=="
  "resolved" "https://registry.npmjs.org/bluebird/-/bluebird-3.7.2.tgz"
  "version" "3.7.2"

"buffer-from@^1.0.0":
  "integrity" "sha512-E+XQCRwSbaaiChtv6k6Dwgc+bx+Bs6vuKJHHl5kox/BaKbhiXzqQOwK4cO22yElGp2OCmjwVhT3HmxgyPGnJfQ=="
  "resolved" "https://registry.npmjs.org/buffer-from/-/buffer-from-1.1.2.tgz"
  "version" "1.1.2"

"camel-case@^4.1.2":
  "integrity" "sha512-gxGWBrTT1JuMx6R+o5PTXMmUnhnVzLQ9SNutD4YqKtI6ap897t3tKECYla6gCWEkplXnlNybEkZg9GEGxKFCgw=="
  "resolved" "https://registry.npmjs.org/camel-case/-/camel-case-4.1.2.tgz"
  "version" "4.1.2"
  dependencies:
    "pascal-case" "^3.1.2"
    "tslib" "^2.0.3"

"catharsis@^0.9.0":
  "integrity" "sha512-prMTQVpcns/tzFgFVkVp6ak6RykZyWb3gu8ckUpd6YkTlacOd3DXGJjIpD4Q6zJirizvaiAjSSHlOsA+6sNh2A=="
  "resolved" "https://registry.npmjs.org/catharsis/-/catharsis-0.9.0.tgz"
  "version" "0.9.0"
  dependencies:
    "lodash" "^4.17.15"

"clean-css@~5.3.2":
  "integrity" "sha512-JVJbM+f3d3Q704rF4bqQ5UUyTtuJ0JRKNbTKVEeujCCBoMdkEi+V+e8oktO9qGQNSvHrFTM6JZRXrUvGR1czww=="
  "resolved" "https://registry.npmjs.org/clean-css/-/clean-css-5.3.2.tgz"
  "version" "5.3.2"
  dependencies:
    "source-map" "~0.6.0"

"clean-jsdoc-theme@^4.1.10":
  "integrity" "sha512-4ssTudHtQey0Y7j7LnSoQmr2+JBOmQmMnCM2sHZZbjAp3rMYYl2Dy+e4LWzygJxxTGNMbp2KEDtYKAZ9p8yLZw=="
  "resolved" "https://registry.npmjs.org/clean-jsdoc-theme/-/clean-jsdoc-theme-4.2.9.tgz"
  "version" "4.2.9"
  dependencies:
    "@jsdoc/salty" "^0.2.4"
    "fs-extra" "^10.1.0"
    "html-minifier-terser" "^7.2.0"
    "klaw-sync" "^6.0.0"
    "lodash" "^4.17.21"
    "nanoid" "^3.3.4"
    "showdown" "^2.1.0"

"commander@^10.0.0":
  "integrity" "sha512-y4Mg2tXshplEbSGzx7amzPwKKOCGuoSRP/CjEdwwk0FOGlUbq6lKuoyDZTNZkmxHdJtp54hdfY/JUrdL7Xfdug=="
  "resolved" "https://registry.npmjs.org/commander/-/commander-10.0.1.tgz"
  "version" "10.0.1"

"commander@^2.20.0":
  "integrity" "sha512-GpVkmM8vF2vQUkj2LvZmD35JxeJOLCwJ9cUkugyk2nuhbv3+mJvpLYYt+0+USMxE+oj+ey/lJEnhZw75x/OMcQ=="
  "resolved" "https://registry.npmjs.org/commander/-/commander-2.20.3.tgz"
  "version" "2.20.3"

"commander@^9.0.0":
  "integrity" "sha512-KRs7WVDKg86PWiuAqhDrAQnTXZKraVcCc6vFdL14qrZ/DcWwuRo7VoiYXalXO7S5GKpqYiVEwCbgFDfxNHKJBQ=="
  "resolved" "https://registry.npmjs.org/commander/-/commander-9.5.0.tgz"
  "version" "9.5.0"

"dot-case@^3.0.4":
  "integrity" "sha512-Kv5nKlh6yRrdrGvxeJ2e5y2eRUpkUosIW4A2AS38zwSz27zu7ufDwQPi5Jhs3XAlGNetl3bmnGhQsMtkKJnj3w=="
  "resolved" "https://registry.npmjs.org/dot-case/-/dot-case-3.0.4.tgz"
  "version" "3.0.4"
  dependencies:
    "no-case" "^3.0.4"
    "tslib" "^2.0.3"

"entities@^4.4.0":
  "integrity" "sha512-V0hjH4dGPh9Ao5p0MoRY6BVqtwCjhz6vI5LT8AJ55H+4g9/4vbHx1I54fS0XuclLhDHArPQCiMjDxjaL8fPxhw=="
  "resolved" "https://registry.npmjs.org/entities/-/entities-4.5.0.tgz"
  "version" "4.5.0"

"entities@~2.1.0":
  "integrity" "sha512-hCx1oky9PFrJ611mf0ifBLBRW8lUUVRlFolb5gWRfIELabBlbp9xZvrqZLZAs+NxFnbfQoeGd8wDkygjg7U85w=="
  "resolved" "https://registry.npmjs.org/entities/-/entities-2.1.0.tgz"
  "version" "2.1.0"

"escape-string-regexp@^2.0.0":
  "integrity" "sha512-UpzcLCXolUWcNu5HtVMHYdXJjArjsF9C0aNnquZYY4uW/Vu0miy5YoWvbV345HauVvcAUnpRuhMMcqTcGOY2+w=="
  "resolved" "https://registry.npmjs.org/escape-string-regexp/-/escape-string-regexp-2.0.0.tgz"
  "version" "2.0.0"

"fs-extra@^10.1.0":
  "integrity" "sha512-oRXApq54ETRj4eMiFzGnHWGy+zo5raudjuxN0b8H7s/RU2oW0Wvsx9O0ACRN/kRq9E8Vu/ReskGB5o3ji+FzHQ=="
  "resolved" "https://registry.npmjs.org/fs-extra/-/fs-extra-10.1.0.tgz"
  "version" "10.1.0"
  dependencies:
    "graceful-fs" "^4.2.0"
    "jsonfile" "^6.0.1"
    "universalify" "^2.0.0"

"graceful-fs@^4.1.11", "graceful-fs@^4.1.6", "graceful-fs@^4.1.9", "graceful-fs@^4.2.0":
  "integrity" "sha512-RbJ5/jmFcNNCcDV5o9eTnBLJ/HszWV0P73bc+Ff4nS/rJj+YaS6IGyiOL0VoBYX+l1Wrl3k63h/KrH+nhJ0XvQ=="
  "resolved" "https://registry.npmjs.org/graceful-fs/-/graceful-fs-4.2.11.tgz"
  "version" "4.2.11"

"html-minifier-terser@^7.2.0":
  "integrity" "sha512-tXgn3QfqPIpGl9o+K5tpcj3/MN4SfLtsx2GWwBC3SSd0tXQGyF3gsSqad8loJgKZGM3ZxbYDd5yhiBIdWpmvLA=="
  "resolved" "https://registry.npmjs.org/html-minifier-terser/-/html-minifier-terser-7.2.0.tgz"
  "version" "7.2.0"
  dependencies:
    "camel-case" "^4.1.2"
    "clean-css" "~5.3.2"
    "commander" "^10.0.0"
    "entities" "^4.4.0"
    "param-case" "^3.0.4"
    "relateurl" "^0.2.7"
    "terser" "^5.15.1"

"js2xmlparser@^4.0.2":
  "integrity" "sha512-6n4D8gLlLf1n5mNLQPRfViYzu9RATblzPEtm1SthMX1Pjao0r9YI9nw7ZIfRxQMERS87mcswrg+r/OYrPRX6jA=="
  "resolved" "https://registry.npmjs.org/js2xmlparser/-/js2xmlparser-4.0.2.tgz"
  "version" "4.0.2"
  dependencies:
    "xmlcreate" "^2.0.4"

"jsdoc@>=3.x <=4.x":
  "integrity" "sha512-e8cIg2z62InH7azBBi3EsSEqrKx+nUtAS5bBcYTSpZFA+vhNPyhv8PTFZ0WsjOPDj04/dOLlm08EDcQJDqaGQg=="
  "resolved" "https://registry.npmjs.org/jsdoc/-/jsdoc-4.0.2.tgz"
  "version" "4.0.2"
  dependencies:
    "@babel/parser" "^7.20.15"
    "@jsdoc/salty" "^0.2.1"
    "@types/markdown-it" "^12.2.3"
    "bluebird" "^3.7.2"
    "catharsis" "^0.9.0"
    "escape-string-regexp" "^2.0.0"
    "js2xmlparser" "^4.0.2"
    "klaw" "^3.0.0"
    "markdown-it" "^12.3.2"
    "markdown-it-anchor" "^8.4.1"
    "marked" "^4.0.10"
    "mkdirp" "^1.0.4"
    "requizzle" "^0.2.3"
    "strip-json-comments" "^3.1.0"
    "underscore" "~1.13.2"

"jsonfile@^6.0.1":
  "integrity" "sha512-5dgndWOriYSm5cnYaJNhalLNDKOqFwyDB/rr1E9ZsGciGvKPs8R2xYGCacuf3z6K1YKDz182fd+fY3cn3pMqXQ=="
  "resolved" "https://registry.npmjs.org/jsonfile/-/jsonfile-6.1.0.tgz"
  "version" "6.1.0"
  dependencies:
    "universalify" "^2.0.0"
  optionalDependencies:
    "graceful-fs" "^4.1.6"

"klaw-sync@^6.0.0":
  "integrity" "sha512-nIeuVSzdCCs6TDPTqI8w1Yre34sSq7AkZ4B3sfOBbI2CgVSB4Du4aLQijFU2+lhAFCwt9+42Hel6lQNIv6AntQ=="
  "resolved" "https://registry.npmjs.org/klaw-sync/-/klaw-sync-6.0.0.tgz"
  "version" "6.0.0"
  dependencies:
    "graceful-fs" "^4.1.11"

"klaw@^3.0.0":
  "integrity" "sha512-0Fo5oir+O9jnXu5EefYbVK+mHMBeEVEy2cmctR1O1NECcCkPRreJKrS6Qt/j3KC2C148Dfo9i3pCmCMsdqGr0g=="
  "resolved" "https://registry.npmjs.org/klaw/-/klaw-3.0.0.tgz"
  "version" "3.0.0"
  dependencies:
    "graceful-fs" "^4.1.9"

"linkify-it@^3.0.1":
  "integrity" "sha512-ynTsyrFSdE5oZ/O9GEf00kPngmOfVwazR5GKDq6EYfhlpFug3J2zybX56a2PRRpc9P+FuSoGNAwjlbDs9jJBPQ=="
  "resolved" "https://registry.npmjs.org/linkify-it/-/linkify-it-3.0.3.tgz"
  "version" "3.0.3"
  dependencies:
    "uc.micro" "^1.0.1"

"lodash@^4.17.15", "lodash@^4.17.21":
  "integrity" "sha512-v2kDEe57lecTulaDIuNTPy3Ry4gLGJ6Z1O3vE1krgXZNrsQ+LFTGHVxVjcXPs17LhbZVGedAJv8XZ1tvj5FvSg=="
  "resolved" "https://registry.npmjs.org/lodash/-/lodash-4.17.21.tgz"
  "version" "4.17.21"

"lower-case@^2.0.2":
  "integrity" "sha512-7fm3l3NAF9WfN6W3JOmf5drwpVqX78JtoGJ3A6W0a6ZnldM41w2fV5D490psKFTpMds8TJse/eHLFFsNHHjHgg=="
  "resolved" "https://registry.npmjs.org/lower-case/-/lower-case-2.0.2.tgz"
  "version" "2.0.2"
  dependencies:
    "tslib" "^2.0.3"

"markdown-it-anchor@^8.4.1":
  "integrity" "sha512-FlCHFwNnutLgVTflOYHPW2pPcl2AACqVzExlkGQNsi4CJgqOHN7YTgDd4LuhgN1BFO3TS0vLAruV1Td6dwWPJA=="
  "resolved" "https://registry.npmjs.org/markdown-it-anchor/-/markdown-it-anchor-8.6.7.tgz"
  "version" "8.6.7"

"markdown-it@*", "markdown-it@^12.3.2":
  "integrity" "sha512-TchMembfxfNVpHkbtriWltGWc+m3xszaRD0CZup7GFFhzIgQqxIfn3eGj1yZpfuflzPvfkt611B2Q/Bsk1YnGg=="
  "resolved" "https://registry.npmjs.org/markdown-it/-/markdown-it-12.3.2.tgz"
  "version" "12.3.2"
  dependencies:
    "argparse" "^2.0.1"
    "entities" "~2.1.0"
    "linkify-it" "^3.0.1"
    "mdurl" "^1.0.1"
    "uc.micro" "^1.0.5"

"marked@^4.0.10":
  "integrity" "sha512-PRsaiG84bK+AMvxziE/lCFss8juXjNaWzVbN5tXAm4XjeaS9NAHhop+PjQxz2A9h8Q4M/xGmzP8vqNwy6JeK0A=="
  "resolved" "https://registry.npmjs.org/marked/-/marked-4.3.0.tgz"
  "version" "4.3.0"

"mdurl@^1.0.1":
  "integrity" "sha512-/sKlQJCBYVY9Ers9hqzKou4H6V5UWc/M59TH2dvkt+84itfnq7uFOMLpOiOS4ujvHP4etln18fmIxA5R5fll0g=="
  "resolved" "https://registry.npmjs.org/mdurl/-/mdurl-1.0.1.tgz"
  "version" "1.0.1"

"mkdirp@^1.0.4":
  "integrity" "sha512-vVqVZQyf3WLx2Shd0qJ9xuvqgAyKPLAiqITEtqW0oIUjzo3PePDd6fW9iFz30ef7Ysp/oiWqbhszeGWW2T6Gzw=="
  "resolved" "https://registry.npmjs.org/mkdirp/-/mkdirp-1.0.4.tgz"
  "version" "1.0.4"

"nanoid@^3.3.4":
  "integrity" "sha512-BGcqMMJuToF7i1rt+2PWSNVnWIkGCU78jBG3RxO/bZlnZPK2Cmi2QaffxGO/2RvWi9sL+FAiRiXMgsyxQ1DIDA=="
  "resolved" "https://registry.npmjs.org/nanoid/-/nanoid-3.3.6.tgz"
  "version" "3.3.6"

"no-case@^3.0.4":
  "integrity" "sha512-fgAN3jGAh+RoxUGZHTSOLJIqUc2wmoBwGR4tbpNAKmmovFoWq0OdRkb0VkldReO2a2iBT/OEulG9XSUc10r3zg=="
  "resolved" "https://registry.npmjs.org/no-case/-/no-case-3.0.4.tgz"
  "version" "3.0.4"
  dependencies:
    "lower-case" "^2.0.2"
    "tslib" "^2.0.3"

"param-case@^3.0.4":
  "integrity" "sha512-RXlj7zCYokReqWpOPH9oYivUzLYZ5vAPIfEmCTNViosC78F8F0H9y7T7gG2M39ymgutxF5gcFEsyZQSph9Bp3A=="
  "resolved" "https://registry.npmjs.org/param-case/-/param-case-3.0.4.tgz"
  "version" "3.0.4"
  dependencies:
    "dot-case" "^3.0.4"
    "tslib" "^2.0.3"

"pascal-case@^3.1.2":
  "integrity" "sha512-uWlGT3YSnK9x3BQJaOdcZwrnV6hPpd8jFH1/ucpiLRPh/2zCVJKS19E4GvYHvaCcACn3foXZ0cLB9Wrx1KGe5g=="
  "resolved" "https://registry.npmjs.org/pascal-case/-/pascal-case-3.1.2.tgz"
  "version" "3.1.2"
  dependencies:
    "no-case" "^3.0.4"
    "tslib" "^2.0.3"

"relateurl@^0.2.7":
  "integrity" "sha512-G08Dxvm4iDN3MLM0EsP62EDV9IuhXPR6blNz6Utcp7zyV3tr4HVNINt6MpaRWbxoOHT3Q7YN2P+jaHX8vUbgog=="
  "resolved" "https://registry.npmjs.org/relateurl/-/relateurl-0.2.7.tgz"
  "version" "0.2.7"

"requizzle@^0.2.3":
  "integrity" "sha512-JRrFk1D4OQ4SqovXOgdav+K8EAhSB/LJZqCz8tbX0KObcdeM15Ss59ozWMBWmmINMagCwmqn4ZNryUGpBsl6Jw=="
  "resolved" "https://registry.npmjs.org/requizzle/-/requizzle-0.2.4.tgz"
  "version" "0.2.4"
  dependencies:
    "lodash" "^4.17.21"

"showdown@^2.1.0":
  "integrity" "sha512-/6NVYu4U819R2pUIk79n67SYgJHWCce0a5xTP979WbNp0FL9MN1I1QK662IDU1b6JzKTvmhgI7T7JYIxBi3kMQ=="
  "resolved" "https://registry.npmjs.org/showdown/-/showdown-2.1.0.tgz"
  "version" "2.1.0"
  dependencies:
    "commander" "^9.0.0"

"source-map-support@~0.5.20":
  "integrity" "sha512-uBHU3L3czsIyYXKX88fdrGovxdSCoTGDRZ6SYXtSRxLZUzHg5P/66Ht6uoUlHu9EZod+inXhKo3qQgwXUT/y1w=="
  "resolved" "https://registry.npmjs.org/source-map-support/-/source-map-support-0.5.21.tgz"
  "version" "0.5.21"
  dependencies:
    "buffer-from" "^1.0.0"
    "source-map" "^0.6.0"

"source-map@^0.6.0", "source-map@~0.6.0":
  "integrity" "sha512-UjgapumWlbMhkBgzT7Ykc5YXUT46F0iKu8SGXq0bcwP5dz/h0Plj6enJqjz1Zbq2l5WaqYnrVbwWOWMyF3F47g=="
  "resolved" "https://registry.npmjs.org/source-map/-/source-map-0.6.1.tgz"
  "version" "0.6.1"

"strip-json-comments@^3.1.0":
  "integrity" "sha512-6fPc+R4ihwqP6N/aIv2f1gMH8lOVtWQHoqC4yK6oSDVVocumAsfCqjkXnqiYMhmMwS/mEHLp7Vehlt3ql6lEig=="
  "resolved" "https://registry.npmjs.org/strip-json-comments/-/strip-json-comments-3.1.1.tgz"
  "version" "3.1.1"

"terser@^5.15.1":
  "integrity" "sha512-qC5+dmecKJA4cpYxRa5aVkKehYsQKc+AHeKl0Oe62aYjBL8ZA33tTljktDHJSaxxMnbI5ZYw+o/S2DxxLu8OfA=="
  "resolved" "https://registry.npmjs.org/terser/-/terser-5.19.2.tgz"
  "version" "5.19.2"
  dependencies:
    "@jridgewell/source-map" "^0.3.3"
    "acorn" "^8.8.2"
    "commander" "^2.20.0"
    "source-map-support" "~0.5.20"

"tslib@^2.0.3":
  "integrity" "sha512-AEYxH93jGFPn/a2iVAwW87VuUIkR1FVUKB77NwMF7nBTDkDrrT/Hpt/IrCJ0QXhW27jTBDcf5ZY7w6RiqTMw2Q=="
  "resolved" "https://registry.npmjs.org/tslib/-/tslib-2.6.2.tgz"
  "version" "2.6.2"

"typescript@^4.9.4":
  "integrity" "sha512-1FXk9E2Hm+QzZQ7z+McJiHL4NW1F2EzMu9Nq9i3zAaGqibafqYwCVU6WyWAuyQRRzOlxou8xZSyXLEN8oKj24g=="
  "resolved" "https://registry.npmjs.org/typescript/-/typescript-4.9.5.tgz"
  "version" "4.9.5"

"uc.micro@^1.0.1", "uc.micro@^1.0.5":
  "integrity" "sha512-8Y75pvTYkLJW2hWQHXxoqRgV7qb9B+9vFEtidML+7koHUFapnVJAZ6cKs+Qjz5Aw3aZWHMC6u0wJE3At+nSGwA=="
  "resolved" "https://registry.npmjs.org/uc.micro/-/uc.micro-1.0.6.tgz"
  "version" "1.0.6"

"underscore@~1.13.2":
  "integrity" "sha512-+A5Sja4HP1M08MaXya7p5LvjuM7K6q/2EaC0+iovj/wOcMsTzMvDFbasi/oSapiwOlt252IqsKqPjCl7huKS0A=="
  "resolved" "https://registry.npmjs.org/underscore/-/underscore-1.13.6.tgz"
  "version" "1.13.6"

"universalify@^2.0.0":
  "integrity" "sha512-hAZsKq7Yy11Zu1DE0OzWjw7nnLZmJZYTDZZyEFHZdUhV8FkH5MCfoU1XMaxXovpyW5nq5scPqq0ZDP9Zyl04oQ=="
  "resolved" "https://registry.npmjs.org/universalify/-/universalify-2.0.0.tgz"
  "version" "2.0.0"

"xmlcreate@^2.0.4":
  "integrity" "sha512-nquOebG4sngPmGPICTS5EnxqhKbCmz5Ox5hsszI2T6U5qdrJizBc+0ilYSEjTSzU0yZcmvppztXe/5Al5fUwdg=="
  "resolved" "https://registry.npmjs.org/xmlcreate/-/xmlcreate-2.0.4.tgz"
  "version" "2.0.4"
