# THIS IS AN AUTOGENERATED FILE. DO NOT EDIT THIS FILE DIRECTLY.
# yarn lockfile v1


"@napi-rs/canvas-android-arm64@0.1.30":
  version "0.1.30"
  resolved "https://registry.yarnpkg.com/@napi-rs/canvas-android-arm64/-/canvas-android-arm64-0.1.30.tgz#6fd18fda735e67044406a8abec30c325a66e572c"
  integrity sha512-RaJvfg5x8QV+3WVqxwi1dt05mqiDuQF/w4wj8b6SHbxbVLfzZ5T0M9PFBTvjNU88GxiiVYUihxJeCCDs1sXP0g==

"@napi-rs/canvas-darwin-arm64@0.1.30":
  version "0.1.30"
  resolved "https://registry.yarnpkg.com/@napi-rs/canvas-darwin-arm64/-/canvas-darwin-arm64-0.1.30.tgz#15425b5ceb1c7b33660aba1041a15d9fd51bff99"
  integrity sha512-ZWW7+YYGFREzeV1uoGv0uUx+0OhGd5jQ6zFdaGYFESUjmLlfZ/LS0CG/IlbWDiWbnRPu2HQl0/TOQHurleJjLw==

"@napi-rs/canvas-darwin-x64@0.1.30":
  version "0.1.30"
  resolved "https://registry.yarnpkg.com/@napi-rs/canvas-darwin-x64/-/canvas-darwin-x64-0.1.30.tgz#aef58dac52bb56af127e5560251e190d2c25e24b"
  integrity sha512-DThro7Y3QFV/9bl/EORWXzBMXeIZU1jo80oI8Ha2Xsoy3Eq+wHhnlMyvNYcLjalxIFU/JJrzu6/qxjPaVzcw5A==

"@napi-rs/canvas-linux-arm-gnueabihf@0.1.30":
  version "0.1.30"
  resolved "https://registry.yarnpkg.com/@napi-rs/canvas-linux-arm-gnueabihf/-/canvas-linux-arm-gnueabihf-0.1.30.tgz#9f114122792ed7fe517cb9ba28946453d693f47e"
  integrity sha512-bMz85lH3y2JL7Xf8szu/EayyEffN2FSAUtxOm6U3/MLc7jW2Pt8TRhAQQxnv0zNh8ub7qBDky+LspMBPLTDRzA==

"@napi-rs/canvas-linux-arm64-gnu@0.1.30":
  version "0.1.30"
  resolved "https://registry.yarnpkg.com/@napi-rs/canvas-linux-arm64-gnu/-/canvas-linux-arm64-gnu-0.1.30.tgz#dd5ec0cfd6235f81ead87d46d333181d3104f267"
  integrity sha512-KHUVFOaG7wE4/GGTLk434GH7DIhPa7hhfMyzLqU1QFRXzjo0KIyO9gecHEF9snXaqvD4c/8YubEtFbWZVMSKUw==

"@napi-rs/canvas-linux-arm64-musl@0.1.30":
  version "0.1.30"
  resolved "https://registry.yarnpkg.com/@napi-rs/canvas-linux-arm64-musl/-/canvas-linux-arm64-musl-0.1.30.tgz#156ed047575e3b6b64339507c665e3995421279b"
  integrity sha512-9ckRCQbt/ZVNbHvApKhvaRM+mahMl4xryV0vUEKgFHo8Fm4j56dPZRWeKojmk1vSGC9ahY73K1MEb0OaIxOv0Q==

"@napi-rs/canvas-linux-x64-gnu@0.1.30":
  version "0.1.30"
  resolved "https://registry.yarnpkg.com/@napi-rs/canvas-linux-x64-gnu/-/canvas-linux-x64-gnu-0.1.30.tgz#e4d28c6c28745428a88514e2f921f214d370fbf5"
  integrity sha512-NSyhCClsTBs06ViivDU0lSGVTDBBtm3pSTQKZseAnBEEF0vuO4De5SJl4JYng9eSDQ6KqA4TkOZFUMxokP6ZVg==

"@napi-rs/canvas-linux-x64-musl@0.1.30":
  version "0.1.30"
  resolved "https://registry.yarnpkg.com/@napi-rs/canvas-linux-x64-musl/-/canvas-linux-x64-musl-0.1.30.tgz#d4d7f6832180c66f36b991b3de2b5cbdc1d4cc25"
  integrity sha512-hT3sPij6nHKiH10avrd8MNwLYEBzwiVyzA0nxPosGJ+ErWk1tgE4UeM3w1+BWYK3S/wgY/4WlhxDgsd9crUGRA==

"@napi-rs/canvas-win32-x64-msvc@0.1.30":
  version "0.1.30"
  resolved "https://registry.yarnpkg.com/@napi-rs/canvas-win32-x64-msvc/-/canvas-win32-x64-msvc-0.1.30.tgz#c92f9a1c757dd2f059bbca9b0a269269a8fe2a86"
  integrity sha512-6MwkIMd53jNqO+KAvv2A7TtMY1MYE51VCdF7sZ61sypgjB/dOYmYqDgAU/RTHS5agyc0CZUeXoaZT43Lkgk67A==

"@napi-rs/canvas@0.1.30":
  version "0.1.30"
  resolved "https://registry.yarnpkg.com/@napi-rs/canvas/-/canvas-0.1.30.tgz#d18e0780f2bd59c7a859aa539a376a1bf638e065"
  integrity sha512-XRR6PumJW9GdODD+HFW7ZKmpq7FE6PIKWn7QTcsJUdGNb54fTS1Z47oPFZ3pbvs07Xs8ZnkR03Q/9T3LfkGRgg==
  optionalDependencies:
    "@napi-rs/canvas-android-arm64" "0.1.30"
    "@napi-rs/canvas-darwin-arm64" "0.1.30"
    "@napi-rs/canvas-darwin-x64" "0.1.30"
    "@napi-rs/canvas-linux-arm-gnueabihf" "0.1.30"
    "@napi-rs/canvas-linux-arm64-gnu" "0.1.30"
    "@napi-rs/canvas-linux-arm64-musl" "0.1.30"
    "@napi-rs/canvas-linux-x64-gnu" "0.1.30"
    "@napi-rs/canvas-linux-x64-musl" "0.1.30"
    "@napi-rs/canvas-win32-x64-msvc" "0.1.30"
