# THIS IS AN AUTOGENERATED FILE. DO NOT EDIT THIS FILE DIRECTLY.
# yarn lockfile v1


"@napi-rs/canvas-android-arm64@0.1.32":
  version "0.1.32"
  resolved "https://registry.yarnpkg.com/@napi-rs/canvas-android-arm64/-/canvas-android-arm64-0.1.32.tgz#003128ced4fe570c29a9601b88131c729dc9cb78"
  integrity sha512-WvfDvaJCQlMA4eUZnAEmn6efrtyD7qraBK0pq4A+GQPKccFUO16lxnLlq/CKvlKmphYjxGN5CB+Gfd4ZKWEfzQ==

"@napi-rs/canvas-darwin-arm64@0.1.32":
  version "0.1.32"
  resolved "https://registry.yarnpkg.com/@napi-rs/canvas-darwin-arm64/-/canvas-darwin-arm64-0.1.32.tgz#e24b13a327379c1b3c8677d0f1ece6ef65e8abaf"
  integrity sha512-Fm6U9IcXHin6hipLyFlcEGyFFBhrjjjqdspmftNBSBl9hkJQPHtPjSboaT33YZBNH/2gfjiH36oBafr7ZR+Ozg==

"@napi-rs/canvas-darwin-x64@0.1.32":
  version "0.1.32"
  resolved "https://registry.yarnpkg.com/@napi-rs/canvas-darwin-x64/-/canvas-darwin-x64-0.1.32.tgz#0fa2bb0c13406e7770bcbcc3626b5b212e37cd28"
  integrity sha512-DMQl4VCuIQCoURWzkXQA82BELsmJjkghGbO/AOOUNrFjk03VBkEzwTVz/mHEuBV8QN6mGOMmfKeCIGYo/QE9yg==

"@napi-rs/canvas-linux-arm-gnueabihf@0.1.32":
  version "0.1.32"
  resolved "https://registry.yarnpkg.com/@napi-rs/canvas-linux-arm-gnueabihf/-/canvas-linux-arm-gnueabihf-0.1.32.tgz#fbf9096a856a7ff4125c8ded2fc94772173525ea"
  integrity sha512-eZ/g6i09AYI+t2eyJKSbPwPCan65NmHZONJxXU/t6BAptdVqq9FosrEwOcpBVldkU1IO4nLO5C7fCkOJQzKrBw==

"@napi-rs/canvas-linux-arm64-gnu@0.1.32":
  version "0.1.32"
  resolved "https://registry.yarnpkg.com/@napi-rs/canvas-linux-arm64-gnu/-/canvas-linux-arm64-gnu-0.1.32.tgz#570d48b0a571ead116583ef32089f77672a058fb"
  integrity sha512-q4cnQHMj/tjl/8nzxYcrbAgM4JB80xRD+Frfysv75D3SUBe+B1a3+YWHmWZVqLPiiavv0n9GcEoh1XdjFf/URw==

"@napi-rs/canvas-linux-arm64-musl@0.1.32":
  version "0.1.32"
  resolved "https://registry.yarnpkg.com/@napi-rs/canvas-linux-arm64-musl/-/canvas-linux-arm64-musl-0.1.32.tgz#677c31a2ae39d2b8ac121ace6f41eeaaf6cac351"
  integrity sha512-VOARylcuDcmIQpVO39xbnnzetPqubAh8s8GG/0frzhs8vERB5Wgh59cp5Nr23MKtdWLwzgzcVVyah4v4IopCYQ==

"@napi-rs/canvas-linux-x64-gnu@0.1.32":
  version "0.1.32"
  resolved "https://registry.yarnpkg.com/@napi-rs/canvas-linux-x64-gnu/-/canvas-linux-x64-gnu-0.1.32.tgz#765cbdc4356fbbba9246b6e5f6af417d9fd0b8fc"
  integrity sha512-G90Bdszk+U/7SlvrVSj2IXn87PHWTbLjTN2J+9hoyxU/b5lEr4Oe4aB0Cs3K5m6SVTvjf9GzRU0SceJzJlI/3g==

"@napi-rs/canvas-linux-x64-musl@0.1.32":
  version "0.1.32"
  resolved "https://registry.yarnpkg.com/@napi-rs/canvas-linux-x64-musl/-/canvas-linux-x64-musl-0.1.32.tgz#db24fde1e49e1974d2747060bf80fb4d4fbb786a"
  integrity sha512-ZDvqQA+z1CJbAhujOJT5qc9iwo1z9o3G7Rho8ZfzUwSvgyC0YqbCDM4tzf7iRQzg07caxRZq3kAnDrR/MgkGRg==

"@napi-rs/canvas-win32-x64-msvc@0.1.32":
  version "0.1.32"
  resolved "https://registry.yarnpkg.com/@napi-rs/canvas-win32-x64-msvc/-/canvas-win32-x64-msvc-0.1.32.tgz#fb02d2e80330d2a80a4c9a7a75fc915623e8d41a"
  integrity sha512-WxI8EokD+hIlcw1DDXN+88u+vsBtAeuy08/7Z1JNSu8cLi59ogTy9bfXI2796hW3x8WSF51Bqd8SUJ9lluQUuA==

"@napi-rs/canvas@^0.1.32":
  version "0.1.32"
  resolved "https://registry.yarnpkg.com/@napi-rs/canvas/-/canvas-0.1.32.tgz#13a23184f8a5aaadaf47ae2242726587b2bb2bcc"
  integrity sha512-mStiUFKNL/Hs3FuD84lfnVlIoIWvQ60ubDoJ6FY0rFsXSYWSxp3KVXwVe+7e41rYxj6J7U2/vPL5bUoCWxO4bQ==
  optionalDependencies:
    "@napi-rs/canvas-android-arm64" "0.1.32"
    "@napi-rs/canvas-darwin-arm64" "0.1.32"
    "@napi-rs/canvas-darwin-x64" "0.1.32"
    "@napi-rs/canvas-linux-arm-gnueabihf" "0.1.32"
    "@napi-rs/canvas-linux-arm64-gnu" "0.1.32"
    "@napi-rs/canvas-linux-arm64-musl" "0.1.32"
    "@napi-rs/canvas-linux-x64-gnu" "0.1.32"
    "@napi-rs/canvas-linux-x64-musl" "0.1.32"
    "@napi-rs/canvas-win32-x64-msvc" "0.1.32"
